// !$*UTF8*$!
{
	archiveVersion = 1;
	classes = {
	};
	objectVersion = 55;
	objects = {

/* Begin PBXBuildFile section */
		CE1518E5277FB517002C23C6 /* WordModel.swift in Sources */ = {isa = PBXBuildFile; fileRef = CE1518E4277FB517002C23C6 /* WordModel.swift */; };
		CE2A3E42278448D700F9BB58 /* File.swift in Sources */ = {isa = PBXBuildFile; fileRef = CE2A3E41278448D700F9BB58 /* File.swift */; };
		CE93474F2792FBAF000CB64E /* ScreenFileMethod.swift in Sources */ = {isa = PBXBuildFile; fileRef = CE93474E2792FBAE000CB64E /* ScreenFileMethod.swift */; };
		CE93475227930F83000CB64E /* CoreData Method.swift in Sources */ = {isa = PBXBuildFile; fileRef = CE93475127930F83000CB64E /* CoreData Method.swift */; };
		CE93475527947668000CB64E /* HomeWordCell.swift in Sources */ = {isa = PBXBuildFile; fileRef = CE93475427947668000CB64E /* HomeWordCell.swift */; };
		CECBC8FC277FA6430031EE52 /* AppDelegate.swift in Sources */ = {isa = PBXBuildFile; fileRef = CECBC8FB277FA6430031EE52 /* AppDelegate.swift */; };
		CECBC8FE277FA6430031EE52 /* SceneDelegate.swift in Sources */ = {isa = PBXBuildFile; fileRef = CECBC8FD277FA6430031EE52 /* SceneDelegate.swift */; };
		CECBC900277FA6430031EE52 /* ViewController.swift in Sources */ = {isa = PBXBuildFile; fileRef = CECBC8FF277FA6430031EE52 /* ViewController.swift */; };
		CECBC903277FA6430031EE52 /* Main.storyboard in Resources */ = {isa = PBXBuildFile; fileRef = CECBC901277FA6430031EE52 /* Main.storyboard */; };
		CECBC906277FA6430031EE52 /* SaveWord.xcdatamodeld in Sources */ = {isa = PBXBuildFile; fileRef = CECBC904277FA6430031EE52 /* SaveWord.xcdatamodeld */; };
		CECBC908277FA6450031EE52 /* Assets.xcassets in Resources */ = {isa = PBXBuildFile; fileRef = CECBC907277FA6450031EE52 /* Assets.xcassets */; };
		CECBC90B277FA6450031EE52 /* LaunchScreen.storyboard in Resources */ = {isa = PBXBuildFile; fileRef = CECBC909277FA6450031EE52 /* LaunchScreen.storyboard */; };
		CECBC913277FABA80031EE52 /* NewWordClass.swift in Sources */ = {isa = PBXBuildFile; fileRef = CECBC912277FABA80031EE52 /* NewWordClass.swift */; };
		CEF00669279B65EE0018A747 /* DetailsWordPage.swift in Sources */ = {isa = PBXBuildFile; fileRef = CEF00668279B65EE0018A747 /* DetailsWordPage.swift */; };
		CEF006BD279F85C00018A747 /* SingletonClass.swift in Sources */ = {isa = PBXBuildFile; fileRef = CEF006BC279F85C00018A747 /* SingletonClass.swift */; };
		CEF80C9A27878A7300BAE632 /* TabBarController.swift in Sources */ = {isa = PBXBuildFile; fileRef = CEF80C9927878A7300BAE632 /* TabBarController.swift */; };
		CEF80CA027878CC300BAE632 /* HomePage.swift in Sources */ = {isa = PBXBuildFile; fileRef = CEF80C9F27878CC300BAE632 /* HomePage.swift */; };
		CEF80CA227878DD900BAE632 /* ChallengesPage.swift in Sources */ = {isa = PBXBuildFile; fileRef = CEF80CA127878DD900BAE632 /* ChallengesPage.swift */; };
/* End PBXBuildFile section */

/* Begin PBXFileReference section */
		CE1518E4277FB517002C23C6 /* WordModel.swift */ = {isa = PBXFileReference; lastKnownFileType = sourcecode.swift; path = WordModel.swift; sourceTree = "<group>"; };
		CE2A3E41278448D700F9BB58 /* File.swift */ = {isa = PBXFileReference; lastKnownFileType = sourcecode.swift; path = File.swift; sourceTree = "<group>"; };
		CE93474E2792FBAE000CB64E /* ScreenFileMethod.swift */ = {isa = PBXFileReference; lastKnownFileType = sourcecode.swift; path = ScreenFileMethod.swift; sourceTree = "<group>"; };
		CE93475127930F83000CB64E /* CoreData Method.swift */ = {isa = PBXFileReference; lastKnownFileType = sourcecode.swift; path = "CoreData Method.swift"; sourceTree = "<group>"; };
		CE93475427947668000CB64E /* HomeWordCell.swift */ = {isa = PBXFileReference; lastKnownFileType = sourcecode.swift; path = HomeWordCell.swift; sourceTree = "<group>"; };
		CECBC8F8277FA6430031EE52 /* SaveWord.app */ = {isa = PBXFileReference; explicitFileType = wrapper.application; includeInIndex = 0; path = SaveWord.app; sourceTree = BUILT_PRODUCTS_DIR; };
		CECBC8FB277FA6430031EE52 /* AppDelegate.swift */ = {isa = PBXFileReference; lastKnownFileType = sourcecode.swift; path = AppDelegate.swift; sourceTree = "<group>"; };
		CECBC8FD277FA6430031EE52 /* SceneDelegate.swift */ = {isa = PBXFileReference; lastKnownFileType = sourcecode.swift; path = SceneDelegate.swift; sourceTree = "<group>"; };
		CECBC8FF277FA6430031EE52 /* ViewController.swift */ = {isa = PBXFileReference; lastKnownFileType = sourcecode.swift; path = ViewController.swift; sourceTree = "<group>"; };
		CECBC902277FA6430031EE52 /* Base */ = {isa = PBXFileReference; lastKnownFileType = file.storyboard; name = Base; path = Base.lproj/Main.storyboard; sourceTree = "<group>"; };
		CECBC905277FA6430031EE52 /* SaveWord.xcdatamodel */ = {isa = PBXFileReference; lastKnownFileType = wrapper.xcdatamodel; path = SaveWord.xcdatamodel; sourceTree = "<group>"; };
		CECBC907277FA6450031EE52 /* Assets.xcassets */ = {isa = PBXFileReference; lastKnownFileType = folder.assetcatalog; path = Assets.xcassets; sourceTree = "<group>"; };
		CECBC90A277FA6450031EE52 /* Base */ = {isa = PBXFileReference; lastKnownFileType = file.storyboard; name = Base; path = Base.lproj/LaunchScreen.storyboard; sourceTree = "<group>"; };
		CECBC90C277FA6450031EE52 /* Info.plist */ = {isa = PBXFileReference; lastKnownFileType = text.plist.xml; path = Info.plist; sourceTree = "<group>"; };
		CECBC912277FABA80031EE52 /* NewWordClass.swift */ = {isa = PBXFileReference; lastKnownFileType = sourcecode.swift; path = NewWordClass.swift; sourceTree = "<group>"; };
		CEF00668279B65EE0018A747 /* DetailsWordPage.swift */ = {isa = PBXFileReference; lastKnownFileType = sourcecode.swift; path = DetailsWordPage.swift; sourceTree = "<group>"; };
		CEF006BC279F85C00018A747 /* SingletonClass.swift */ = {isa = PBXFileReference; lastKnownFileType = sourcecode.swift; path = SingletonClass.swift; sourceTree = "<group>"; };
		CEF80C9927878A7300BAE632 /* TabBarController.swift */ = {isa = PBXFileReference; lastKnownFileType = sourcecode.swift; path = TabBarController.swift; sourceTree = "<group>"; };
		CEF80C9F27878CC300BAE632 /* HomePage.swift */ = {isa = PBXFileReference; lastKnownFileType = sourcecode.swift; path = HomePage.swift; sourceTree = "<group>"; };
		CEF80CA127878DD900BAE632 /* ChallengesPage.swift */ = {isa = PBXFileReference; lastKnownFileType = sourcecode.swift; path = ChallengesPage.swift; sourceTree = "<group>"; };
/* End PBXFileReference section */

/* Begin PBXFrameworksBuildPhase section */
		CECBC8F5277FA6430031EE52 /* Frameworks */ = {
			isa = PBXFrameworksBuildPhase;
			buildActionMask = 2147483647;
			files = (
			);
			runOnlyForDeploymentPostprocessing = 0;
		};
/* End PBXFrameworksBuildPhase section */

/* Begin PBXGroup section */
		CE226A462798C0C200790E18 /* Model */ = {
			isa = PBXGroup;
			children = (
				CE1518E4277FB517002C23C6 /* WordModel.swift */,
			);
			path = Model;
			sourceTree = "<group>";
		};
		CE2A3E40278448AB00F9BB58 /* extension */ = {
			isa = PBXGroup;
			children = (
				CE2A3E41278448D700F9BB58 /* File.swift */,
			);
			path = extension;
			sourceTree = "<group>";
		};
		CE93474D2792FB8F000CB64E /* Controller */ = {
			isa = PBXGroup;
			children = (
				CE93475027930F68000CB64E /* CoreData */,
				CE93474E2792FBAE000CB64E /* ScreenFileMethod.swift */,
			);
			path = Controller;
			sourceTree = "<group>";
		};
		CE93475027930F68000CB64E /* CoreData */ = {
			isa = PBXGroup;
			children = (
				CE93475127930F83000CB64E /* CoreData Method.swift */,
			);
			path = CoreData;
			sourceTree = "<group>";
		};
		CE93475327947655000CB64E /* Cell */ = {
			isa = PBXGroup;
			children = (
				CE93475427947668000CB64E /* HomeWordCell.swift */,
			);
			path = Cell;
			sourceTree = "<group>";
		};
		CECBC8EF277FA6420031EE52 = {
			isa = PBXGroup;
			children = (
				CECBC8FA277FA6430031EE52 /* SaveWord */,
				CECBC8F9277FA6430031EE52 /* Products */,
			);
			sourceTree = "<group>";
		};
		CECBC8F9277FA6430031EE52 /* Products */ = {
			isa = PBXGroup;
			children = (
				CECBC8F8277FA6430031EE52 /* SaveWord.app */,
			);
			name = Products;
			sourceTree = "<group>";
		};
		CECBC8FA277FA6430031EE52 /* SaveWord */ = {
			isa = PBXGroup;
			children = (
				CECBC8FB277FA6430031EE52 /* AppDelegate.swift */,
				CECBC8FD277FA6430031EE52 /* SceneDelegate.swift */,
				CE2A3E40278448AB00F9BB58 /* extension */,
				CEDB046E2781EF47004ADED8 /*  Pages */,
				CE226A462798C0C200790E18 /* Model */,
				CECBC8FF277FA6430031EE52 /* ViewController.swift */,
				CECBC901277FA6430031EE52 /* Main.storyboard */,
				CEF006BC279F85C00018A747 /* SingletonClass.swift */,
				CEF00668279B65EE0018A747 /* DetailsWordPage.swift */,
				CEF80CA127878DD900BAE632 /* ChallengesPage.swift */,
				CE93475327947655000CB64E /* Cell */,
				CE93474D2792FB8F000CB64E /* Controller */,
				CEF80C9927878A7300BAE632 /* TabBarController.swift */,
				CEF80C9F27878CC300BAE632 /* HomePage.swift */,
				CECBC907277FA6450031EE52 /* Assets.xcassets */,
				CECBC909277FA6450031EE52 /* LaunchScreen.storyboard */,
				CECBC90C277FA6450031EE52 /* Info.plist */,
				CECBC904277FA6430031EE52 /* SaveWord.xcdatamodeld */,
			);
			path = SaveWord;
			sourceTree = "<group>";
		};
		CEDB046E2781EF47004ADED8 /*  Pages */ = {
			isa = PBXGroup;
			children = (
				CECBC912277FABA80031EE52 /* NewWordClass.swift */,
			);
			path = " Pages";
			sourceTree = "<group>";
		};
/* End PBXGroup section */

/* Begin PBXNativeTarget section */
		CECBC8F7277FA6430031EE52 /* SaveWord */ = {
			isa = PBXNativeTarget;
			buildConfigurationList = CECBC90F277FA6450031EE52 /* Build configuration list for PBXNativeTarget "SaveWord" */;
			buildPhases = (
				CECBC8F4277FA6430031EE52 /* Sources */,
				CECBC8F5277FA6430031EE52 /* Frameworks */,
				CECBC8F6277FA6430031EE52 /* Resources */,
			);
			buildRules = (
			);
			dependencies = (
			);
			name = SaveWord;
			productName = SaveWord;
			productReference = CECBC8F8277FA6430031EE52 /* SaveWord.app */;
			productType = "com.apple.product-type.application";
		};
/* End PBXNativeTarget section */

/* Begin PBXProject section */
		CECBC8F0277FA6420031EE52 /* Project object */ = {
			isa = PBXProject;
			attributes = {
				BuildIndependentTargetsInParallel = 1;
				LastSwiftUpdateCheck = 1320;
				LastUpgradeCheck = 1320;
				TargetAttributes = {
					CECBC8F7277FA6430031EE52 = {
						CreatedOnToolsVersion = 13.2.1;
					};
				};
			};
			buildConfigurationList = CECBC8F3277FA6420031EE52 /* Build configuration list for PBXProject "SaveWord" */;
			compatibilityVersion = "Xcode 13.0";
			developmentRegion = en;
			hasScannedForEncodings = 0;
			knownRegions = (
				en,
				Base,
			);
			mainGroup = CECBC8EF277FA6420031EE52;
			productRefGroup = CECBC8F9277FA6430031EE52 /* Products */;
			projectDirPath = "";
			projectRoot = "";
			targets = (
				CECBC8F7277FA6430031EE52 /* SaveWord */,
			);
		};
/* End PBXProject section */

/* Begin PBXResourcesBuildPhase section */
		CECBC8F6277FA6430031EE52 /* Resources */ = {
			isa = PBXResourcesBuildPhase;
			buildActionMask = 2147483647;
			files = (
				CECBC90B277FA6450031EE52 /* LaunchScreen.storyboard in Resources */,
				CECBC908277FA6450031EE52 /* Assets.xcassets in Resources */,
				CECBC903277FA6430031EE52 /* Main.storyboard in Resources */,
			);
			runOnlyForDeploymentPostprocessing = 0;
		};
/* End PBXResourcesBuildPhase section */

/* Begin PBXSourcesBuildPhase section */
		CECBC8F4277FA6430031EE52 /* Sources */ = {
			isa = PBXSourcesBuildPhase;
			buildActionMask = 2147483647;
			files = (
				CECBC906277FA6430031EE52 /* SaveWord.xcdatamodeld in Sources */,
				CEF80CA027878CC300BAE632 /* HomePage.swift in Sources */,
				CEF80C9A27878A7300BAE632 /* TabBarController.swift in Sources */,
				CEF006BD279F85C00018A747 /* SingletonClass.swift in Sources */,
				CECBC913277FABA80031EE52 /* NewWordClass.swift in Sources */,
				CE93475227930F83000CB64E /* CoreData Method.swift in Sources */,
				CE2A3E42278448D700F9BB58 /* File.swift in Sources */,
				CE1518E5277FB517002C23C6 /* WordModel.swift in Sources */,
				CECBC900277FA6430031EE52 /* ViewController.swift in Sources */,
				CECBC8FC277FA6430031EE52 /* AppDelegate.swift in Sources */,
				CECBC8FE277FA6430031EE52 /* SceneDelegate.swift in Sources */,
				CE93474F2792FBAF000CB64E /* ScreenFileMethod.swift in Sources */,
				CE93475527947668000CB64E /* HomeWordCell.swift in Sources */,
				CEF80CA227878DD900BAE632 /* ChallengesPage.swift in Sources */,
				CEF00669279B65EE0018A747 /* DetailsWordPage.swift in Sources */,
			);
			runOnlyForDeploymentPostprocessing = 0;
		};
/* End PBXSourcesBuildPhase section */

/* Begin PBXVariantGroup section */
		CECBC901277FA6430031EE52 /* Main.storyboard */ = {
			isa = PBXVariantGroup;
			children = (
				CECBC902277FA6430031EE52 /* Base */,
			);
			name = Main.storyboard;
			sourceTree = "<group>";
		};
		CECBC909277FA6450031EE52 /* LaunchScreen.storyboard */ = {
			isa = PBXVariantGroup;
			children = (
				CECBC90A277FA6450031EE52 /* Base */,
			);
			name = LaunchScreen.storyboard;
			sourceTree = "<group>";
		};
/* End PBXVariantGroup section */

/* Begin XCBuildConfiguration section */
		CECBC90D277FA6450031EE52 /* Debug */ = {
			isa = XCBuildConfiguration;
			buildSettings = {
				ALWAYS_SEARCH_USER_PATHS = NO;
				CLANG_ANALYZER_NONNULL = YES;
				CLANG_ANALYZER_NUMBER_OBJECT_CONVERSION = YES_AGGRESSIVE;
				CLANG_CXX_LANGUAGE_STANDARD = "gnu++17";
				CLANG_CXX_LIBRARY = "libc++";
				CLANG_ENABLE_MODULES = YES;
				CLANG_ENABLE_OBJC_ARC = YES;
				CLANG_ENABLE_OBJC_WEAK = YES;
				CLANG_WARN_BLOCK_CAPTURE_AUTORELEASING = YES;
				CLANG_WARN_BOOL_CONVERSION = YES;
				CLANG_WARN_COMMA = YES;
				CLANG_WARN_CONSTANT_CONVERSION = YES;
				CLANG_WARN_DEPRECATED_OBJC_IMPLEMENTATIONS = YES;
				CLANG_WARN_DIRECT_OBJC_ISA_USAGE = YES_ERROR;
				CLANG_WARN_DOCUMENTATION_COMMENTS = YES;
				CLANG_WARN_EMPTY_BODY = YES;
				CLANG_WARN_ENUM_CONVERSION = YES;
				CLANG_WARN_INFINITE_RECURSION = YES;
				CLANG_WARN_INT_CONVERSION = YES;
				CLANG_WARN_NON_LITERAL_NULL_CONVERSION = YES;
				CLANG_WARN_OBJC_IMPLICIT_RETAIN_SELF = YES;
				CLANG_WARN_OBJC_LITERAL_CONVERSION = YES;
				CLANG_WARN_OBJC_ROOT_CLASS = YES_ERROR;
				CLANG_WARN_QUOTED_INCLUDE_IN_FRAMEWORK_HEADER = YES;
				CLANG_WARN_RANGE_LOOP_ANALYSIS = YES;
				CLANG_WARN_STRICT_PROTOTYPES = YES;
				CLANG_WARN_SUSPICIOUS_MOVE = YES;
				CLANG_WARN_UNGUARDED_AVAILABILITY = YES_AGGRESSIVE;
				CLANG_WARN_UNREACHABLE_CODE = YES;
				CLANG_WARN__DUPLICATE_METHOD_MATCH = YES;
				COPY_PHASE_STRIP = NO;
				DEBUG_INFORMATION_FORMAT = dwarf;
				ENABLE_STRICT_OBJC_MSGSEND = YES;
				ENABLE_TESTABILITY = YES;
				GCC_C_LANGUAGE_STANDARD = gnu11;
				GCC_DYNAMIC_NO_PIC = NO;
				GCC_NO_COMMON_BLOCKS = YES;
				GCC_OPTIMIZATION_LEVEL = 0;
				GCC_PREPROCESSOR_DEFINITIONS = (
					"DEBUG=1",
					"$(inherited)",
				);
				GCC_WARN_64_TO_32_BIT_CONVERSION = YES;
				GCC_WARN_ABOUT_RETURN_TYPE = YES_ERROR;
				GCC_WARN_UNDECLARED_SELECTOR = YES;
				GCC_WARN_UNINITIALIZED_AUTOS = YES_AGGRESSIVE;
				GCC_WARN_UNUSED_FUNCTION = YES;
				GCC_WARN_UNUSED_VARIABLE = YES;
				IPHONEOS_DEPLOYMENT_TARGET = 13.0;
				MTL_ENABLE_DEBUG_INFO = INCLUDE_SOURCE;
				MTL_FAST_MATH = YES;
				ONLY_ACTIVE_ARCH = YES;
				SDKROOT = iphoneos;
				SWIFT_ACTIVE_COMPILATION_CONDITIONS = DEBUG;
				SWIFT_OPTIMIZATION_LEVEL = "-Onone";
			};
			name = Debug;
		};
		CECBC90E277FA6450031EE52 /* Release */ = {
			isa = XCBuildConfiguration;
			buildSettings = {
				ALWAYS_SEARCH_USER_PATHS = NO;
				CLANG_ANALYZER_NONNULL = YES;
				CLANG_ANALYZER_NUMBER_OBJECT_CONVERSION = YES_AGGRESSIVE;
				CLANG_CXX_LANGUAGE_STANDARD = "gnu++17";
				CLANG_CXX_LIBRARY = "libc++";
				CLANG_ENABLE_MODULES = YES;
				CLANG_ENABLE_OBJC_ARC = YES;
				CLANG_ENABLE_OBJC_WEAK = YES;
				CLANG_WARN_BLOCK_CAPTURE_AUTORELEASING = YES;
				CLANG_WARN_BOOL_CONVERSION = YES;
				CLANG_WARN_COMMA = YES;
				CLANG_WARN_CONSTANT_CONVERSION = YES;
				CLANG_WARN_DEPRECATED_OBJC_IMPLEMENTATIONS = YES;
				CLANG_WARN_DIRECT_OBJC_ISA_USAGE = YES_ERROR;
				CLANG_WARN_DOCUMENTATION_COMMENTS = YES;
				CLANG_WARN_EMPTY_BODY = YES;
				CLANG_WARN_ENUM_CONVERSION = YES;
				CLANG_WARN_INFINITE_RECURSION = YES;
				CLANG_WARN_INT_CONVERSION = YES;
				CLANG_WARN_NON_LITERAL_NULL_CONVERSION = YES;
				CLANG_WARN_OBJC_IMPLICIT_RETAIN_SELF = YES;
				CLANG_WARN_OBJC_LITERAL_CONVERSION = YES;
				CLANG_WARN_OBJC_ROOT_CLASS = YES_ERROR;
				CLANG_WARN_QUOTED_INCLUDE_IN_FRAMEWORK_HEADER = YES;
				CLANG_WARN_RANGE_LOOP_ANALYSIS = YES;
				CLANG_WARN_STRICT_PROTOTYPES = YES;
				CLANG_WARN_SUSPICIOUS_MOVE = YES;
				CLANG_WARN_UNGUARDED_AVAILABILITY = YES_AGGRESSIVE;
				CLANG_WARN_UNREACHABLE_CODE = YES;
				CLANG_WARN__DUPLICATE_METHOD_MATCH = YES;
				COPY_PHASE_STRIP = NO;
				DEBUG_INFORMATION_FORMAT = "dwarf-with-dsym";
				ENABLE_NS_ASSERTIONS = NO;
				ENABLE_STRICT_OBJC_MSGSEND = YES;
				GCC_C_LANGUAGE_STANDARD = gnu11;
				GCC_NO_COMMON_BLOCKS = YES;
				GCC_WARN_64_TO_32_BIT_CONVERSION = YES;
				GCC_WARN_ABOUT_RETURN_TYPE = YES_ERROR;
				GCC_WARN_UNDECLARED_SELECTOR = YES;
				GCC_WARN_UNINITIALIZED_AUTOS = YES_AGGRESSIVE;
				GCC_WARN_UNUSED_FUNCTION = YES;
				GCC_WARN_UNUSED_VARIABLE = YES;
				IPHONEOS_DEPLOYMENT_TARGET = 13.0;
				MTL_ENABLE_DEBUG_INFO = NO;
				MTL_FAST_MATH = YES;
				SDKROOT = iphoneos;
				SWIFT_COMPILATION_MODE = wholemodule;
				SWIFT_OPTIMIZATION_LEVEL = "-O";
				VALIDATE_PRODUCT = YES;
			};
			name = Release;
		};
		CECBC910277FA6450031EE52 /* Debug */ = {
			isa = XCBuildConfiguration;
			buildSettings = {
				ASSETCATALOG_COMPILER_APPICON_NAME = AppIcon;
				ASSETCATALOG_COMPILER_GLOBAL_ACCENT_COLOR_NAME = AccentColor;
				CODE_SIGN_STYLE = Automatic;
				CURRENT_PROJECT_VERSION = 1;
				DEVELOPMENT_TEAM = 8HTSM8477P;
				GENERATE_INFOPLIST_FILE = YES;
				INFOPLIST_FILE = SaveWord/Info.plist;
				INFOPLIST_KEY_UIApplicationSupportsIndirectInputEvents = YES;
				INFOPLIST_KEY_UILaunchStoryboardName = LaunchScreen;
				INFOPLIST_KEY_UIMainStoryboardFile = Main;
				INFOPLIST_KEY_UISupportedInterfaceOrientations_iPad = "UIInterfaceOrientationPortrait UIInterfaceOrientationPortraitUpsideDown UIInterfaceOrientationLandscapeLeft UIInterfaceOrientationLandscapeRight";
				INFOPLIST_KEY_UISupportedInterfaceOrientations_iPhone = "UIInterfaceOrientationPortrait UIInterfaceOrientationLandscapeLeft UIInterfaceOrientationLandscapeRight";
				LD_RUNPATH_SEARCH_PATHS = (
					"$(inherited)",
					"@executable_path/Frameworks",
				);
				MARKETING_VERSION = 1.0;
				PRODUCT_BUNDLE_IDENTIFIER = com.Project.SaveWord;
				PRODUCT_NAME = "$(TARGET_NAME)";
				SWIFT_EMIT_LOC_STRINGS = YES;
				SWIFT_VERSION = 5.0;
				TARGETED_DEVICE_FAMILY = "1,2";
			};
			name = Debug;
		};
		CECBC911277FA6450031EE52 /* Release */ = {
			isa = XCBuildConfiguration;
			buildSettings = {
				ASSETCATALOG_COMPILER_APPICON_NAME = AppIcon;
				ASSETCATALOG_COMPILER_GLOBAL_ACCENT_COLOR_NAME = AccentColor;
				CODE_SIGN_STYLE = Automatic;
				CURRENT_PROJECT_VERSION = 1;
				DEVELOPMENT_TEAM = 8HTSM8477P;
				GENERATE_INFOPLIST_FILE = YES;
				INFOPLIST_FILE = SaveWord/Info.plist;
				INFOPLIST_KEY_UIApplicationSupportsIndirectInputEvents = YES;
				INFOPLIST_KEY_UILaunchStoryboardName = LaunchScreen;
				INFOPLIST_KEY_UIMainStoryboardFile = Main;
				INFOPLIST_KEY_UISupportedInterfaceOrientations_iPad = "UIInterfaceOrientationPortrait UIInterfaceOrientationPortraitUpsideDown UIInterfaceOrientationLandscapeLeft UIInterfaceOrientationLandscapeRight";
				INFOPLIST_KEY_UISupportedInterfaceOrientations_iPhone = "UIInterfaceOrientationPortrait UIInterfaceOrientationLandscapeLeft UIInterfaceOrientationLandscapeRight";
				LD_RUNPATH_SEARCH_PATHS = (
					"$(inherited)",
					"@executable_path/Frameworks",
				);
				MARKETING_VERSION = 1.0;
				PRODUCT_BUNDLE_IDENTIFIER = com.Project.SaveWord;
				PRODUCT_NAME = "$(TARGET_NAME)";
				SWIFT_EMIT_LOC_STRINGS = YES;
				SWIFT_VERSION = 5.0;
				TARGETED_DEVICE_FAMILY = "1,2";
			};
			name = Release;
		};
/* End XCBuildConfiguration section */

/* Begin XCConfigurationList section */
		CECBC8F3277FA6420031EE52 /* Build configuration list for PBXProject "SaveWord" */ = {
			isa = XCConfigurationList;
			buildConfigurations = (
				CECBC90D277FA6450031EE52 /* Debug */,
				CECBC90E277FA6450031EE52 /* Release */,
			);
			defaultConfigurationIsVisible = 0;
			defaultConfigurationName = Release;
		};
		CECBC90F277FA6450031EE52 /* Build configuration list for PBXNativeTarget "SaveWord" */ = {
			isa = XCConfigurationList;
			buildConfigurations = (
				CECBC910277FA6450031EE52 /* Debug */,
				CECBC911277FA6450031EE52 /* Release */,
			);
			defaultConfigurationIsVisible = 0;
			defaultConfigurationName = Release;
		};
/* End XCConfigurationList section */

/* Begin XCVersionGroup section */
		CECBC904277FA6430031EE52 /* SaveWord.xcdatamodeld */ = {
			isa = XCVersionGroup;
			children = (
				CECBC905277FA6430031EE52 /* SaveWord.xcdatamodel */,
			);
			currentVersion = CECBC905277FA6430031EE52 /* SaveWord.xcdatamodel */;
			path = SaveWord.xcdatamodeld;
			sourceTree = "<group>";
			versionGroupType = wrapper.xcdatamodel;
		};
/* End XCVersionGroup section */
	};
	rootObject = CECBC8F0277FA6420031EE52 /* Project object */;
}
